
Microsoft Visual Studio Solution File, Format Version 11.00
# Visual Studio 2010
Project("{FAE04EC0-301F-11D3-BF4B-00C04F79EFBC}") = "DataViewer", "DataViewer\DataViewer.csproj", "{CE1DC5ED-4F36-4A50-AF00-7248775AB76C}"
EndProject
Project("{FAE04EC0-301F-11D3-BF4B-00C04F79EFBC}") = "DataModel", "DataModel\DataModel.csproj", "{B218E20E-CF3E-480E-ADEA-93550625869F}"
EndProject
Global
	GlobalSection(SolutionConfigurationPlatforms) = preSolution
		Debug|Any CPU = Debug|Any CPU
		Release|Any CPU = Release|Any CPU
	EndGlobalSection
	GlobalSection(ProjectConfigurationPlatforms) = postSolution
		{CE1DC5ED-4F36-4A50-AF00-7248775AB76C}.Debug|Any CPU.ActiveCfg = Debug|Any CPU
		{CE1DC5ED-4F36-4A50-AF00-7248775AB76C}.Debug|Any CPU.Build.0 = Debug|Any CPU
		{CE1DC5ED-4F36-4A50-AF00-7248775AB76C}.Release|Any CPU.ActiveCfg = Release|Any CPU
		{CE1DC5ED-4F36-4A50-AF00-7248775AB76C}.Release|Any CPU.Build.0 = Release|Any CPU
		{B218E20E-CF3E-480E-ADEA-93550625869F}.Debug|Any CPU.ActiveCfg = Debug|Any CPU
		{B218E20E-CF3E-480E-ADEA-93550625869F}.Debug|Any CPU.Build.0 = Debug|Any CPU
		{B218E20E-CF3E-480E-ADEA-93550625869F}.Release|Any CPU.ActiveCfg = Release|Any CPU
		{B218E20E-CF3E-480E-ADEA-93550625869F}.Release|Any CPU.Build.0 = Release|Any CPU
	EndGlobalSection
	GlobalSection(SolutionProperties) = preSolution
		HideSolutionNode = FALSE
	EndGlobalSection
EndGlobal
